
Microsoft Visual Studio Solution File, Format Version 12.00
# Visual Studio Version 17
VisualStudioVersion = 17.3.32929.385
MinimumVisualStudioVersion = 10.0.40219.1
Project("{FAE04EC0-301F-11D3-BF4B-00C04F79EFBC}") = "Задание 4_1_Хамитова", "Задание 4_Хамитова\Задание 4_1_Хамитова.csproj", "{50E58027-816D-4BD5-8140-590B35E39476}"
EndProject
Global
	GlobalSection(SolutionConfigurationPlatforms) = preSolution
		Debug|Any CPU = Debug|Any CPU
		Release|Any CPU = Release|Any CPU
	EndGlobalSection
	GlobalSection(ProjectConfigurationPlatforms) = postSolution
		{50E58027-816D-4BD5-8140-590B35E39476}.Debug|Any CPU.ActiveCfg = Debug|Any CPU
		{50E58027-816D-4BD5-8140-590B35E39476}.Debug|Any CPU.Build.0 = Debug|Any CPU
		{50E58027-816D-4BD5-8140-590B35E39476}.Release|Any CPU.ActiveCfg = Release|Any CPU
		{50E58027-816D-4BD5-8140-590B35E39476}.Release|Any CPU.Build.0 = Release|Any CPU
	EndGlobalSection
	GlobalSection(SolutionProperties) = preSolution
		HideSolutionNode = FALSE
	EndGlobalSection
	GlobalSection(ExtensibilityGlobals) = postSolution
		SolutionGuid = {08B7F1AC-FF90-4C56-A4C4-4DE402A583FA}
	EndGlobalSection
EndGlobal
